
Microsoft Visual Studio Solution File, Format Version 12.00
# Visual Studio Version 16
VisualStudioVersion = 16.0.28803.202
MinimumVisualStudioVersion = 10.0.40219.1
Project("{FAE04EC0-301F-11D3-BF4B-00C04F79EFBC}") = "TheFirstAssignment", "TheFirstAssignment\TheFirstAssignment.csproj", "{0473CD01-85C3-43BB-8380-43854E582DEE}"
EndProject
Global
	GlobalSection(SolutionConfigurationPlatforms) = preSolution
		Debug|Any CPU = Debug|Any CPU
		Release|Any CPU = Release|Any CPU
	EndGlobalSection
	GlobalSection(ProjectConfigurationPlatforms) = postSolution
		{0473CD01-85C3-43BB-8380-43854E582DEE}.Debug|Any CPU.ActiveCfg = Debug|Any CPU
		{0473CD01-85C3-43BB-8380-43854E582DEE}.Debug|Any CPU.Build.0 = Debug|Any CPU
		{0473CD01-85C3-43BB-8380-43854E582DEE}.Release|Any CPU.ActiveCfg = Release|Any CPU
		{0473CD01-85C3-43BB-8380-43854E582DEE}.Release|Any CPU.Build.0 = Release|Any CPU
	EndGlobalSection
	GlobalSection(SolutionProperties) = preSolution
		HideSolutionNode = FALSE
	EndGlobalSection
	GlobalSection(ExtensibilityGlobals) = postSolution
		SolutionGuid = {1C358AC9-6859-4BCC-8612-B80C907A7FDA}
	EndGlobalSection
EndGlobal
